
Microsoft Visual Studio Solution File, Format Version 12.00
# Visual Studio Version 17
VisualStudioVersion = 17.0.32112.339
MinimumVisualStudioVersion = 10.0.40219.1
Project("{54A90642-561A-4BB1-A94E-469ADEE60C69}") = "FinalFinalProject", "FinalFinalProject\FinalFinalProject.esproj", "{47696F08-1B4C-4DBC-807F-981F4B707DBD}"
EndProject
Global
	GlobalSection(SolutionConfigurationPlatforms) = preSolution
		Debug|Any CPU = Debug|Any CPU
		Release|Any CPU = Release|Any CPU
	EndGlobalSection
	GlobalSection(ProjectConfigurationPlatforms) = postSolution
		{47696F08-1B4C-4DBC-807F-981F4B707DBD}.Debug|Any CPU.ActiveCfg = Debug|Any CPU
		{47696F08-1B4C-4DBC-807F-981F4B707DBD}.Debug|Any CPU.Build.0 = Debug|Any CPU
		{47696F08-1B4C-4DBC-807F-981F4B707DBD}.Debug|Any CPU.Deploy.0 = Debug|Any CPU
		{47696F08-1B4C-4DBC-807F-981F4B707DBD}.Release|Any CPU.ActiveCfg = Release|Any CPU
		{47696F08-1B4C-4DBC-807F-981F4B707DBD}.Release|Any CPU.Build.0 = Release|Any CPU
		{47696F08-1B4C-4DBC-807F-981F4B707DBD}.Release|Any CPU.Deploy.0 = Release|Any CPU
	EndGlobalSection
	GlobalSection(SolutionProperties) = preSolution
		HideSolutionNode = FALSE
	EndGlobalSection
	GlobalSection(ExtensibilityGlobals) = postSolution
		SolutionGuid = {99D891D3-3D93-4214-BEF2-D92F316243B9}
	EndGlobalSection
EndGlobal
